<?xml version="1.0" encoding="utf-8"?>
<Project ToolsVersion="4.0" xmlns="http://schemas.microsoft.com/developer/msbuild/2003">
  <ItemGroup>
    <Filter Include="Source Files">
      <UniqueIdentifier>{4FC737F1-C7A5-4376-A066-2A32D752A2FF}</UniqueIdentifier>
      <Extensions>cpp;c;cc;cxx;c++;cppm;ixx;def;odl;idl;hpj;bat;asm;asmx</Extensions>
    </Filter>
    <Filter Include="Header Files">
      <UniqueIdentifier>{93995380-89BD-4b04-88EB-625FBE52EBFB}</UniqueIdentifier>
      <Extensions>h;hh;hpp;hxx;h++;hm;inl;inc;ipp;xsd</Extensions>
    </Filter>
    <Filter Include="Resource Files">
      <UniqueIdentifier>{67DA6AB6-F800-4c08-8B7A-83BB121AAD01}</UniqueIdentifier>
      <Extensions>rc;ico;cur;bmp;dlg;rc2;rct;bin;rgs;gif;jpg;jpeg;jpe;resx;tiff;tif;png;wav;mfcribbon-ms</Extensions>
    </Filter>
  </ItemGroup>
  <ItemGroup>
    <ClInclude Include="dependencies\stb_image.h">
      <Filter>Header Files</Filter>
    </ClInclude>
    <ClInclude Include="src\indicators\color.hpp">
      <Filter>Header Files</Filter>
    </ClInclude>
    <ClInclude Include="src\indicators\font_style.hpp">
      <Filter>Header Files</Filter>
    </ClInclude>
    <ClInclude Include="src\indicators\progress_bar.hpp">
      <Filter>Header Files</Filter>
    </ClInclude>
    <ClInclude Include="src\indicators\progress_type.hpp">
      <Filter>Header Files</Filter>
    </ClInclude>
    <ClInclude Include="src\indicators\setting.hpp">
      <Filter>Header Files</Filter>
    </ClInclude>
    <ClInclude Include="src\indicators\termcolor.hpp">
      <Filter>Header Files</Filter>
    </ClInclude>
    <ClInclude Include="src\indicators\terminal_size.hpp">
      <Filter>Header Files</Filter>
    </ClInclude>
    <ClInclude Include="src\indicators\details\stream_helper.hpp">
      <Filter>Header Files</Filter>
    </ClInclude>
    <ClInclude Include="src\ImageData.h">
      <Filter>Header Files</Filter>
    </ClInclude>
    <ClInclude Include="src\Debug.h">
      <Filter>Header Files</Filter>
    </ClInclude>
    <ClInclude Include="src\NeuralNet.h">
      <Filter>Header Files</Filter>
    </ClInclude>
    <ClInclude Include="src\MyMath.h">
      <Filter>Header Files</Filter>
    </ClInclude>
    <ClInclude Include="src\FileUtils.h">
      <Filter>Header Files</Filter>
    </ClInclude>
    <ClInclude Include="src\NeuralNetProcedures.h">
      <Filter>Header Files</Filter>
    </ClInclude>
    <ClInclude Include="dependencies\stb_image_write.h">
      <Filter>Header Files</Filter>
    </ClInclude>
  </ItemGroup>
  <ItemGroup>
    <ClCompile Include="src\Main.cpp">
      <Filter>Source Files</Filter>
    </ClCompile>
    <ClCompile Include="src\FileUtils.cpp">
      <Filter>Source Files</Filter>
    </ClCompile>
    <ClCompile Include="src\NeuralNetProcedures.cpp">
      <Filter>Source Files</Filter>
    </ClCompile>
    <ClCompile Include="src\NeuralNet.cpp">
      <Filter>Source Files</Filter>
    </ClCompile>
    <ClCompile Include="src\ImageData.cpp">
      <Filter>Source Files</Filter>
    </ClCompile>
    <ClCompile Include="src\MyProgressBar.h">
      <Filter>Source Files</Filter>
    </ClCompile>
  </ItemGroup>
</Project>